
Microsoft Visual Studio Solution File, Format Version 12.00
# Visual Studio Version 17
VisualStudioVersion = 17.8.34511.84
MinimumVisualStudioVersion = 10.0.40219.1
Project("{FAE04EC0-301F-11D3-BF4B-00C04F79EFBC}") = "APBD_Zadanie_6", "APBD_Zadanie_6\APBD_Zadanie_6.csproj", "{597A6A44-AF14-423F-9C6A-D5A7705F7B58}"
EndProject
Global
	GlobalSection(SolutionConfigurationPlatforms) = preSolution
		Debug|Any CPU = Debug|Any CPU
		Release|Any CPU = Release|Any CPU
	EndGlobalSection
	GlobalSection(ProjectConfigurationPlatforms) = postSolution
		{597A6A44-AF14-423F-9C6A-D5A7705F7B58}.Debug|Any CPU.ActiveCfg = Debug|Any CPU
		{597A6A44-AF14-423F-9C6A-D5A7705F7B58}.Debug|Any CPU.Build.0 = Debug|Any CPU
		{597A6A44-AF14-423F-9C6A-D5A7705F7B58}.Release|Any CPU.ActiveCfg = Release|Any CPU
		{597A6A44-AF14-423F-9C6A-D5A7705F7B58}.Release|Any CPU.Build.0 = Release|Any CPU
	EndGlobalSection
	GlobalSection(SolutionProperties) = preSolution
		HideSolutionNode = FALSE
	EndGlobalSection
	GlobalSection(ExtensibilityGlobals) = postSolution
		SolutionGuid = {1A379CA2-5DCF-4A5B-B419-46E1EC9A4238}
	EndGlobalSection
EndGlobal
